
Microsoft Visual Studio Solution File, Format Version 12.00
# Visual Studio Version 17
VisualStudioVersion = 17.6.33712.159
MinimumVisualStudioVersion = 10.0.40219.1
Project("{FAE04EC0-301F-11D3-BF4B-00C04F79EFBC}") = "coordinate", "coordinate.csproj", "{0039CC15-06F9-49EA-B02E-F90AAC9DD642}"
EndProject
Project("{FAE04EC0-301F-11D3-BF4B-00C04F79EFBC}") = "coordinate-test", "..\coordinate-test\coordinate-test.csproj", "{F30C2953-7040-4675-B8B0-616632DF339F}"
EndProject
Global
	GlobalSection(SolutionConfigurationPlatforms) = preSolution
		Debug|Any CPU = Debug|Any CPU
		Release|Any CPU = Release|Any CPU
	EndGlobalSection
	GlobalSection(ProjectConfigurationPlatforms) = postSolution
		{0039CC15-06F9-49EA-B02E-F90AAC9DD642}.Debug|Any CPU.ActiveCfg = Debug|Any CPU
		{0039CC15-06F9-49EA-B02E-F90AAC9DD642}.Debug|Any CPU.Build.0 = Debug|Any CPU
		{0039CC15-06F9-49EA-B02E-F90AAC9DD642}.Release|Any CPU.ActiveCfg = Release|Any CPU
		{0039CC15-06F9-49EA-B02E-F90AAC9DD642}.Release|Any CPU.Build.0 = Release|Any CPU
		{F30C2953-7040-4675-B8B0-616632DF339F}.Debug|Any CPU.ActiveCfg = Debug|Any CPU
		{F30C2953-7040-4675-B8B0-616632DF339F}.Debug|Any CPU.Build.0 = Debug|Any CPU
		{F30C2953-7040-4675-B8B0-616632DF339F}.Release|Any CPU.ActiveCfg = Release|Any CPU
		{F30C2953-7040-4675-B8B0-616632DF339F}.Release|Any CPU.Build.0 = Release|Any CPU
	EndGlobalSection
	GlobalSection(SolutionProperties) = preSolution
		HideSolutionNode = FALSE
	EndGlobalSection
	GlobalSection(ExtensibilityGlobals) = postSolution
		SolutionGuid = {7C319A0B-FE4C-4B66-9AC3-EB908AEF2CBC}
	EndGlobalSection
EndGlobal
